// !$*UTF8*$!
{
	archiveVersion = 1;
	classes = {
	};
	objectVersion = 56;
	objects = {

/* Begin PBXBuildFile section */
		AA000001 /* RaindropMacApp.swift in Sources */ = {isa = PBXBuildFile; fileRef = AA100001 /* RaindropMacApp.swift */; };
		AA000002 /* ContentView.swift in Sources */ = {isa = PBXBuildFile; fileRef = AA100002 /* ContentView.swift */; };
		AA000003 /* LoginView.swift in Sources */ = {isa = PBXBuildFile; fileRef = AA100003 /* LoginView.swift */; };
		AA000004 /* MainAppView.swift in Sources */ = {isa = PBXBuildFile; fileRef = AA100004 /* MainAppView.swift */; };
		AA000005 /* SidebarView.swift in Sources */ = {isa = PBXBuildFile; fileRef = AA100005 /* SidebarView.swift */; };
		AA000006 /* RaindropsListView.swift in Sources */ = {isa = PBXBuildFile; fileRef = AA100006 /* RaindropsListView.swift */; };
		AA000007 /* RaindropDetailView.swift in Sources */ = {isa = PBXBuildFile; fileRef = AA100007 /* RaindropDetailView.swift */; };
		AA000008 /* AddRaindropView.swift in Sources */ = {isa = PBXBuildFile; fileRef = AA100008 /* AddRaindropView.swift */; };
		AA000009 /* Models.swift in Sources */ = {isa = PBXBuildFile; fileRef = AA100009 /* Models.swift */; };
		AA000010 /* AuthService.swift in Sources */ = {isa = PBXBuildFile; fileRef = AA100010 /* AuthService.swift */; };
		AA000011 /* APIService.swift in Sources */ = {isa = PBXBuildFile; fileRef = AA100011 /* APIService.swift */; };
		AA000012 /* AppViewModel.swift in Sources */ = {isa = PBXBuildFile; fileRef = AA100012 /* AppViewModel.swift */; };
		AA000013 /* Assets.xcassets in Resources */ = {isa = PBXBuildFile; fileRef = AA100014 /* Assets.xcassets */; };
		AA000014 /* AppIcon.icns in Resources */ = {isa = PBXBuildFile; fileRef = AA100015 /* AppIcon.icns */; };
		AA000015 /* Theme.swift in Sources */ = {isa = PBXBuildFile; fileRef = AA100016 /* Theme.swift */; };
		AA000016 /* StellaService.swift in Sources */ = {isa = PBXBuildFile; fileRef = AA100017 /* StellaService.swift */; };
		AA000017 /* StellaView.swift in Sources */ = {isa = PBXBuildFile; fileRef = AA100018 /* StellaView.swift */; };
		AA000018 /* StellaWebView.swift in Sources */ = {isa = PBXBuildFile; fileRef = AA100019 /* StellaWebView.swift */; };
/* End PBXBuildFile section */

/* Begin PBXFileReference section */
		AA100001 /* RaindropMacApp.swift */ = {isa = PBXFileReference; lastKnownFileType = sourcecode.swift; path = RaindropMacApp.swift; sourceTree = "<group>"; };
		AA100002 /* ContentView.swift */ = {isa = PBXFileReference; lastKnownFileType = sourcecode.swift; path = ContentView.swift; sourceTree = "<group>"; };
		AA100003 /* LoginView.swift */ = {isa = PBXFileReference; lastKnownFileType = sourcecode.swift; path = LoginView.swift; sourceTree = "<group>"; };
		AA100004 /* MainAppView.swift */ = {isa = PBXFileReference; lastKnownFileType = sourcecode.swift; path = MainAppView.swift; sourceTree = "<group>"; };
		AA100005 /* SidebarView.swift */ = {isa = PBXFileReference; lastKnownFileType = sourcecode.swift; path = SidebarView.swift; sourceTree = "<group>"; };
		AA100006 /* RaindropsListView.swift */ = {isa = PBXFileReference; lastKnownFileType = sourcecode.swift; path = RaindropsListView.swift; sourceTree = "<group>"; };
		AA100007 /* RaindropDetailView.swift */ = {isa = PBXFileReference; lastKnownFileType = sourcecode.swift; path = RaindropDetailView.swift; sourceTree = "<group>"; };
		AA100008 /* AddRaindropView.swift */ = {isa = PBXFileReference; lastKnownFileType = sourcecode.swift; path = AddRaindropView.swift; sourceTree = "<group>"; };
		AA100009 /* Models.swift */ = {isa = PBXFileReference; lastKnownFileType = sourcecode.swift; path = Models.swift; sourceTree = "<group>"; };
		AA100010 /* AuthService.swift */ = {isa = PBXFileReference; lastKnownFileType = sourcecode.swift; path = AuthService.swift; sourceTree = "<group>"; };
		AA100011 /* APIService.swift */ = {isa = PBXFileReference; lastKnownFileType = sourcecode.swift; path = APIService.swift; sourceTree = "<group>"; };
		AA100012 /* AppViewModel.swift */ = {isa = PBXFileReference; lastKnownFileType = sourcecode.swift; path = AppViewModel.swift; sourceTree = "<group>"; };
		AA100013 /* Info.plist */ = {isa = PBXFileReference; lastKnownFileType = text.plist.xml; path = Info.plist; sourceTree = "<group>"; };
		AA100014 /* Assets.xcassets */ = {isa = PBXFileReference; lastKnownFileType = folder.assetcatalog; path = Assets.xcassets; sourceTree = "<group>"; };
		AA100015 /* AppIcon.icns */ = {isa = PBXFileReference; lastKnownFileType = image.icns; path = AppIcon.icns; sourceTree = "<group>"; };
		AA100016 /* Theme.swift */ = {isa = PBXFileReference; lastKnownFileType = sourcecode.swift; path = Theme.swift; sourceTree = "<group>"; };
		AA100017 /* StellaService.swift */ = {isa = PBXFileReference; lastKnownFileType = sourcecode.swift; path = StellaService.swift; sourceTree = "<group>"; };
		AA100018 /* StellaView.swift */ = {isa = PBXFileReference; lastKnownFileType = sourcecode.swift; path = StellaView.swift; sourceTree = "<group>"; };
		AA100019 /* StellaWebView.swift */ = {isa = PBXFileReference; lastKnownFileType = sourcecode.swift; path = StellaWebView.swift; sourceTree = "<group>"; };
		AAPROD001 /* RaindropMac.app */ = {isa = PBXFileReference; explicitFileType = wrapper.application; includeInIndex = 0; path = RaindropMac.app; sourceTree = BUILT_PRODUCTS_DIR; };
/* End PBXFileReference section */

/* Begin PBXFrameworksBuildPhase section */
		AABUILD001 /* Frameworks */ = {
			isa = PBXFrameworksBuildPhase;
			buildActionMask = 2147483647;
			files = (
			);
			runOnlyForDeploymentPostprocessing = 0;
		};
/* End PBXFrameworksBuildPhase section */

/* Begin PBXGroup section */
		AAGRP000 = {
			isa = PBXGroup;
			children = (
				AAGRP001 /* RaindropMac */,
				AAGRP009 /* Products */,
			);
			sourceTree = "<group>";
		};
		AAGRP001 /* RaindropMac */ = {
			isa = PBXGroup;
			children = (
				AA100001 /* RaindropMacApp.swift */,
				AA100013 /* Info.plist */,
				AA100014 /* Assets.xcassets */,
				AA100015 /* AppIcon.icns */,
				AAGRP002 /* Views */,
				AAGRP003 /* ViewModels */,
				AAGRP004 /* Models */,
				AAGRP005 /* Services */,
				AAGRP006 /* Utils */,
			);
			path = RaindropMac;
			sourceTree = "<group>";
		};
		AAGRP006 /* Utils */ = {
			isa = PBXGroup;
			children = (
				AA100016 /* Theme.swift */,
			);
			path = Utils;
			sourceTree = "<group>";
		};
		AAGRP002 /* Views */ = {
			isa = PBXGroup;
			children = (
				AA100002 /* ContentView.swift */,
				AA100003 /* LoginView.swift */,
				AA100004 /* MainAppView.swift */,
				AA100005 /* SidebarView.swift */,
				AA100006 /* RaindropsListView.swift */,
				AA100007 /* RaindropDetailView.swift */,
				AA100008 /* AddRaindropView.swift */,
				AA100018 /* StellaView.swift */,
				AA100019 /* StellaWebView.swift */,
			);
			path = Views;
			sourceTree = "<group>";
		};
		AAGRP003 /* ViewModels */ = {
			isa = PBXGroup;
			children = (
				AA100012 /* AppViewModel.swift */,
			);
			path = ViewModels;
			sourceTree = "<group>";
		};
		AAGRP004 /* Models */ = {
			isa = PBXGroup;
			children = (
				AA100009 /* Models.swift */,
			);
			path = Models;
			sourceTree = "<group>";
		};
		AAGRP005 /* Services */ = {
			isa = PBXGroup;
			children = (
				AA100010 /* AuthService.swift */,
				AA100011 /* APIService.swift */,
				AA100017 /* StellaService.swift */,
			);
			path = Services;
			sourceTree = "<group>";
		};
		AAGRP009 /* Products */ = {
			isa = PBXGroup;
			children = (
				AAPROD001 /* RaindropMac.app */,
			);
			name = Products;
			sourceTree = "<group>";
		};
/* End PBXGroup section */

/* Begin PBXNativeTarget section */
		AATARGET01 /* RaindropMac */ = {
			isa = PBXNativeTarget;
			buildConfigurationList = AABCL001 /* Build configuration list for PBXNativeTarget "RaindropMac" */;
			buildPhases = (
				AABUILD000 /* Sources */,
				AABUILD001 /* Frameworks */,
				AABUILD002 /* Resources */,
			);
			buildRules = (
			);
			dependencies = (
			);
			name = RaindropMac;
			productName = RaindropMac;
			productReference = AAPROD001 /* RaindropMac.app */;
			productType = "com.apple.product-type.application";
		};
/* End PBXNativeTarget section */

/* Begin PBXProject section */
		AAPROJECT1 /* Project object */ = {
			isa = PBXProject;
			attributes = {
				BuildIndependentTargetsInParallel = 1;
				LastSwiftUpdateCheck = 1530;
				LastUpgradeCheck = 1530;
				TargetAttributes = {
					AATARGET01 = {
						CreatedOnToolsVersion = 15.3;
					};
				};
			};
			buildConfigurationList = AABCL000 /* Build configuration list for PBXProject "RaindropMac" */;
			compatibilityVersion = "Xcode 14.0";
			developmentRegion = en;
			hasScannedForEncodings = 0;
			knownRegions = (
				en,
				Base,
			);
			mainGroup = AAGRP000;
			productRefGroup = AAGRP009 /* Products */;
			projectDirPath = "";
			projectRoot = "";
			targets = (
				AATARGET01 /* RaindropMac */,
			);
		};
/* End PBXProject section */

/* Begin PBXResourcesBuildPhase section */
		AABUILD002 /* Resources */ = {
			isa = PBXResourcesBuildPhase;
			buildActionMask = 2147483647;
			files = (
				AA000013 /* Assets.xcassets in Resources */,
				AA000014 /* AppIcon.icns in Resources */,
			);
			runOnlyForDeploymentPostprocessing = 0;
		};
/* End PBXResourcesBuildPhase section */

/* Begin PBXSourcesBuildPhase section */
		AABUILD000 /* Sources */ = {
			isa = PBXSourcesBuildPhase;
			buildActionMask = 2147483647;
			files = (
				AA000001 /* RaindropMacApp.swift in Sources */,
				AA000002 /* ContentView.swift in Sources */,
				AA000003 /* LoginView.swift in Sources */,
				AA000004 /* MainAppView.swift in Sources */,
				AA000005 /* SidebarView.swift in Sources */,
				AA000006 /* RaindropsListView.swift in Sources */,
				AA000007 /* RaindropDetailView.swift in Sources */,
				AA000008 /* AddRaindropView.swift in Sources */,
				AA000009 /* Models.swift in Sources */,
				AA000010 /* AuthService.swift in Sources */,
				AA000011 /* APIService.swift in Sources */,
				AA000012 /* AppViewModel.swift in Sources */,
				AA000015 /* Theme.swift in Sources */,
				AA000016 /* StellaService.swift in Sources */,
				AA000017 /* StellaView.swift in Sources */,
				AA000018 /* StellaWebView.swift in Sources */,
			);
			runOnlyForDeploymentPostprocessing = 0;
		};
/* End PBXSourcesBuildPhase section */

/* Begin XCBuildConfiguration section */
		AAXCBC001 /* Debug */ = {
			isa = XCBuildConfiguration;
			buildSettings = {
				ALWAYS_SEARCH_USER_PATHS = NO;
				ASSETCATALOG_COMPILER_GENERATE_SWIFT_ASSET_SYMBOL_EXTENSIONS = YES;
				CLANG_ANALYZER_NONNULL = YES;
				CLANG_ANALYZER_NUMBER_OBJECT_CONVERSION = YES_AGGRESSIVE;
				CLANG_CXX_LANGUAGE_STANDARD = "gnu++20";
				CLANG_ENABLE_MODULES = YES;
				CLANG_ENABLE_OBJC_ARC = YES;
				CLANG_ENABLE_OBJC_WEAK = YES;
				CLANG_WARN_BLOCK_CAPTURE_AUTORELEASING = YES;
				CLANG_WARN_BOOL_CONVERSION = YES;
				CLANG_WARN_COMMA = YES;
				CLANG_WARN_CONSTANT_CONVERSION = YES;
				CLANG_WARN_DEPRECATED_OBJC_IMPLEMENTATIONS = YES;
				CLANG_WARN_DIRECT_OBJC_ISA_USAGE = YES_ERROR;
				CLANG_WARN_DOCUMENTATION_COMMENTS = YES;
				CLANG_WARN_EMPTY_BODY = YES;
				CLANG_WARN_ENUM_CONVERSION = YES;
				CLANG_WARN_INFINITE_RECURSION = YES;
				CLANG_WARN_INT_CONVERSION = YES;
				CLANG_WARN_NON_LITERAL_NULL_CONVERSION = YES;
				CLANG_WARN_OBJC_IMPLICIT_RETAIN_CYCLE = YES;
				CLANG_WARN_OBJC_LITERAL_CONVERSION = YES;
				CLANG_WARN_OBJC_ROOT_CLASS = YES_ERROR;
				CLANG_WARN_QUOTED_INCLUDE_IN_FRAMEWORK_HEADER = YES;
				CLANG_WARN_RANGE_LOOP_ANALYSIS = YES;
				CLANG_WARN_STRICT_PROTOTYPES = YES;
				CLANG_WARN_SUSPICIOUS_MOVE = YES;
				CLANG_WARN_UNGUARDED_AVAILABILITY = YES_AGGRESSIVE;
				CLANG_WARN_UNREACHABLE_CODE = YES;
				CLANG_WARN__DUPLICATE_METHOD_EXCEPTION = YES;
				COPY_PHASE_STRIP = NO;
				DEBUG_INFORMATION_FORMAT = dwarf;
				ENABLE_STRICT_OBJC_MSGSEND = YES;
				ENABLE_TESTABILITY = YES;
				ENABLE_USER_SCRIPT_SANDBOXING = YES;
				GCC_C_LANGUAGE_STANDARD = gnu17;
				GCC_DYNAMIC_NO_PIC = NO;
				GCC_NO_COMMON_BLOCKS = YES;
				GCC_OPTIMIZATION_LEVEL = 0;
				GCC_PREPROCESSOR_DEFINITIONS = (
					"DEBUG=1",
					"$(inherited)",
				);
				GCC_WARN_64_TO_32_BIT_CONVERSION = YES;
				GCC_WARN_ABOUT_RETURN_TYPE = YES_ERROR;
				GCC_WARN_UNDECLARED_SELECTOR = YES;
				GCC_WARN_UNINITIALIZED_AUTOS = YES_AGGRESSIVE;
				GCC_WARN_UNUSED_FUNCTION = YES;
				GCC_WARN_UNUSED_VARIABLE = YES;
				LOCALIZATION_PREFERS_STRING_CATALOGS = YES;
				MACOSX_DEPLOYMENT_TARGET = 14.0;
				MTL_ENABLE_DEBUG_INFO = INCLUDE_SOURCE;
				MTL_FAST_MATH = YES;
				ONLY_ACTIVE_ARCH = YES;
				SDKROOT = macosx;
				SWIFT_ACTIVE_COMPILATION_CONDITIONS = "DEBUG $(inherited)";
				SWIFT_OPTIMIZATION_LEVEL = "-Onone";
			};
			name = Debug;
		};
		AAXCBC002 /* Release */ = {
			isa = XCBuildConfiguration;
			buildSettings = {
				ALWAYS_SEARCH_USER_PATHS = NO;
				ASSETCATALOG_COMPILER_GENERATE_SWIFT_ASSET_SYMBOL_EXTENSIONS = YES;
				CLANG_ANALYZER_NONNULL = YES;
				CLANG_ANALYZER_NUMBER_OBJECT_CONVERSION = YES_AGGRESSIVE;
				CLANG_CXX_LANGUAGE_STANDARD = "gnu++20";
				CLANG_ENABLE_MODULES = YES;
				CLANG_ENABLE_OBJC_ARC = YES;
				CLANG_ENABLE_OBJC_WEAK = YES;
				CLANG_WARN_BLOCK_CAPTURE_AUTORELEASING = YES;
				CLANG_WARN_BOOL_CONVERSION = YES;
				CLANG_WARN_COMMA = YES;
				CLANG_WARN_CONSTANT_CONVERSION = YES;
				CLANG_WARN_DEPRECATED_OBJC_IMPLEMENTATIONS = YES;
				CLANG_WARN_DIRECT_OBJC_ISA_USAGE = YES_ERROR;
				CLANG_WARN_DOCUMENTATION_COMMENTS = YES;
				CLANG_WARN_EMPTY_BODY = YES;
				CLANG_WARN_ENUM_CONVERSION = YES;
				CLANG_WARN_INFINITE_RECURSION = YES;
				CLANG_WARN_INT_CONVERSION = YES;
				CLANG_WARN_NON_LITERAL_NULL_CONVERSION = YES;
				CLANG_WARN_OBJC_IMPLICIT_RETAIN_CYCLE = YES;
				CLANG_WARN_OBJC_LITERAL_CONVERSION = YES;
				CLANG_WARN_OBJC_ROOT_CLASS = YES_ERROR;
				CLANG_WARN_QUOTED_INCLUDE_IN_FRAMEWORK_HEADER = YES;
				CLANG_WARN_RANGE_LOOP_ANALYSIS = YES;
				CLANG_WARN_STRICT_PROTOTYPES = YES;
				CLANG_WARN_SUSPICIOUS_MOVE = YES;
				CLANG_WARN_UNGUARDED_AVAILABILITY = YES_AGGRESSIVE;
				CLANG_WARN_UNREACHABLE_CODE = YES;
				CLANG_WARN__DUPLICATE_METHOD_EXCEPTION = YES;
				COPY_PHASE_STRIP = NO;
				DEBUG_INFORMATION_FORMAT = "dwarf-with-dsym";
				ENABLE_NS_ASSERTIONS = NO;
				ENABLE_STRICT_OBJC_MSGSEND = YES;
				ENABLE_USER_SCRIPT_SANDBOXING = YES;
				GCC_C_LANGUAGE_STANDARD = gnu17;
				GCC_NO_COMMON_BLOCKS = YES;
				GCC_WARN_64_TO_32_BIT_CONVERSION = YES;
				GCC_WARN_ABOUT_RETURN_TYPE = YES_ERROR;
				GCC_WARN_UNDECLARED_SELECTOR = YES;
				GCC_WARN_UNINITIALIZED_AUTOS = YES_AGGRESSIVE;
				GCC_WARN_UNUSED_FUNCTION = YES;
				GCC_WARN_UNUSED_VARIABLE = YES;
				LOCALIZATION_PREFERS_STRING_CATALOGS = YES;
				MACOSX_DEPLOYMENT_TARGET = 14.0;
				MTL_FAST_MATH = YES;
				SDKROOT = macosx;
				SWIFT_COMPILATION_MODE = wholemodule;
			};
			name = Release;
		};
		AAXCBC003 /* Debug */ = {
			isa = XCBuildConfiguration;
			buildSettings = {
				ASSETCATALOG_COMPILER_APPICON_NAME = AppIcon;
				ASSETCATALOG_COMPILER_GLOBAL_ACCENT_COLOR_NAME = AccentColor;
				CODE_SIGN_ENTITLEMENTS = RaindropMac/RaindropMac.entitlements;
				CODE_SIGN_STYLE = Automatic;
				COMBINE_HIDPI_IMAGES = YES;
				CURRENT_PROJECT_VERSION = 1;
				DEVELOPMENT_ASSET_PATHS = "";
				ENABLE_PREVIEWS = YES;
				GENERATE_INFOPLIST_FILE = NO;
				INFOPLIST_FILE = RaindropMac/Info.plist;
				INFOPLIST_KEY_NSHumanReadableCopyright = "";
				LD_RUNPATH_SEARCH_PATHS = (
					"$(inherited)",
					"@executable_path/../Frameworks",
				);
				MARKETING_VERSION = 1.0;
				PRODUCT_BUNDLE_IDENTIFIER = com.raindropmac.app;
				PRODUCT_NAME = "$(TARGET_NAME)";
				SWIFT_EMIT_LOC_STRINGS = YES;
				SWIFT_VERSION = 5.0;
				VERSIONING_SYSTEM = "apple-generic";
			};
			name = Debug;
		};
		AAXCBC004 /* Release */ = {
			isa = XCBuildConfiguration;
			buildSettings = {
				ASSETCATALOG_COMPILER_APPICON_NAME = AppIcon;
				ASSETCATALOG_COMPILER_GLOBAL_ACCENT_COLOR_NAME = AccentColor;
				CODE_SIGN_ENTITLEMENTS = RaindropMac/RaindropMac.entitlements;
				CODE_SIGN_STYLE = Automatic;
				COMBINE_HIDPI_IMAGES = YES;
				CURRENT_PROJECT_VERSION = 1;
				DEVELOPMENT_ASSET_PATHS = "";
				ENABLE_PREVIEWS = YES;
				GENERATE_INFOPLIST_FILE = NO;
				INFOPLIST_FILE = RaindropMac/Info.plist;
				INFOPLIST_KEY_NSHumanReadableCopyright = "";
				LD_RUNPATH_SEARCH_PATHS = (
					"$(inherited)",
					"@executable_path/../Frameworks",
				);
				MARKETING_VERSION = 1.0;
				PRODUCT_BUNDLE_IDENTIFIER = com.raindropmac.app;
				PRODUCT_NAME = "$(TARGET_NAME)";
				SWIFT_EMIT_LOC_STRINGS = YES;
				SWIFT_VERSION = 5.0;
				VERSIONING_SYSTEM = "apple-generic";
			};
			name = Release;
		};
/* End XCBuildConfiguration section */

/* Begin XCConfigurationList section */
		AABCL000 /* Build configuration list for PBXProject "RaindropMac" */ = {
			isa = XCConfigurationList;
			buildConfigurations = (
				AAXCBC001 /* Debug */,
				AAXCBC002 /* Release */,
			);
			defaultConfigurationIsVisible = 0;
			defaultConfigurationName = Release;
		};
		AABCL001 /* Build configuration list for PBXNativeTarget "RaindropMac" */ = {
			isa = XCConfigurationList;
			buildConfigurations = (
				AAXCBC003 /* Debug */,
				AAXCBC004 /* Release */,
			);
			defaultConfigurationIsVisible = 0;
			defaultConfigurationName = Release;
		};
/* End XCConfigurationList section */
	};
	rootObject = AAPROJECT1 /* Project object */;
}
